
Microsoft Visual Studio Solution File, Format Version 11.00
# Visual Studio 2010
Project("{FAE04EC0-301F-11D3-BF4B-00C04F79EFBC}") = "FatSecretSharp.Services", "FatSecretSharp.Services\FatSecretSharp.Services.csproj", "{7EE9D131-8463-4E0B-B04C-4DEC49372819}"
EndProject
Project("{2150E333-8FDC-42A3-9474-1A3956D46DE8}") = "Examples", "Examples", "{235ADD15-1257-48F4-84F5-DE35CC9B5EE5}"
EndProject
Project("{FAE04EC0-301F-11D3-BF4B-00C04F79EFBC}") = "FatSecretSharp.Examples.ConsoleApp", "FatSecretSharp.Examples.ConsoleApp\FatSecretSharp.Examples.ConsoleApp.csproj", "{31DAFAB3-4CE4-488D-901F-91150C0DF59D}"
EndProject
Project("{2150E333-8FDC-42A3-9474-1A3956D46DE8}") = "Solution Items", "Solution Items", "{2DBEB7C9-52C1-4703-87D5-EEC31006D8EC}"
	ProjectSection(SolutionItems) = preProject
		C:\Users\jacob\Documents\Visual Studio 2010\Code Snippets\Visual C#\My Code Snippets\FatSecretService.snippet = C:\Users\jacob\Documents\Visual Studio 2010\Code Snippets\Visual C#\My Code Snippets\FatSecretService.snippet
		ReadMe.txt = ReadMe.txt
	EndProjectSection
EndProject
Project("{FAE04EC0-301F-11D3-BF4B-00C04F79EFBC}") = "FatSecretSharp.Phone7", "FatSecretSharp.Phone7\FatSecretSharp.Phone7.csproj", "{FB817CDC-2900-409D-8A0E-80C118EF8E34}"
EndProject
Global
	GlobalSection(SolutionConfigurationPlatforms) = preSolution
		Debug|Any CPU = Debug|Any CPU
		Debug|Mixed Platforms = Debug|Mixed Platforms
		Debug|x86 = Debug|x86
		Release|Any CPU = Release|Any CPU
		Release|Mixed Platforms = Release|Mixed Platforms
		Release|x86 = Release|x86
	EndGlobalSection
	GlobalSection(ProjectConfigurationPlatforms) = postSolution
		{7EE9D131-8463-4E0B-B04C-4DEC49372819}.Debug|Any CPU.ActiveCfg = Debug|Any CPU
		{7EE9D131-8463-4E0B-B04C-4DEC49372819}.Debug|Any CPU.Build.0 = Debug|Any CPU
		{7EE9D131-8463-4E0B-B04C-4DEC49372819}.Debug|Mixed Platforms.ActiveCfg = Debug|Any CPU
		{7EE9D131-8463-4E0B-B04C-4DEC49372819}.Debug|Mixed Platforms.Build.0 = Debug|Any CPU
		{7EE9D131-8463-4E0B-B04C-4DEC49372819}.Debug|x86.ActiveCfg = Debug|Any CPU
		{7EE9D131-8463-4E0B-B04C-4DEC49372819}.Release|Any CPU.ActiveCfg = Release|Any CPU
		{7EE9D131-8463-4E0B-B04C-4DEC49372819}.Release|Any CPU.Build.0 = Release|Any CPU
		{7EE9D131-8463-4E0B-B04C-4DEC49372819}.Release|Mixed Platforms.ActiveCfg = Release|Any CPU
		{7EE9D131-8463-4E0B-B04C-4DEC49372819}.Release|Mixed Platforms.Build.0 = Release|Any CPU
		{7EE9D131-8463-4E0B-B04C-4DEC49372819}.Release|x86.ActiveCfg = Release|Any CPU
		{31DAFAB3-4CE4-488D-901F-91150C0DF59D}.Debug|Any CPU.ActiveCfg = Debug|x86
		{31DAFAB3-4CE4-488D-901F-91150C0DF59D}.Debug|Mixed Platforms.ActiveCfg = Debug|x86
		{31DAFAB3-4CE4-488D-901F-91150C0DF59D}.Debug|Mixed Platforms.Build.0 = Debug|x86
		{31DAFAB3-4CE4-488D-901F-91150C0DF59D}.Debug|x86.ActiveCfg = Debug|x86
		{31DAFAB3-4CE4-488D-901F-91150C0DF59D}.Debug|x86.Build.0 = Debug|x86
		{31DAFAB3-4CE4-488D-901F-91150C0DF59D}.Release|Any CPU.ActiveCfg = Release|x86
		{31DAFAB3-4CE4-488D-901F-91150C0DF59D}.Release|Mixed Platforms.ActiveCfg = Release|x86
		{31DAFAB3-4CE4-488D-901F-91150C0DF59D}.Release|Mixed Platforms.Build.0 = Release|x86
		{31DAFAB3-4CE4-488D-901F-91150C0DF59D}.Release|x86.ActiveCfg = Release|x86
		{31DAFAB3-4CE4-488D-901F-91150C0DF59D}.Release|x86.Build.0 = Release|x86
		{FB817CDC-2900-409D-8A0E-80C118EF8E34}.Debug|Any CPU.ActiveCfg = Debug|Any CPU
		{FB817CDC-2900-409D-8A0E-80C118EF8E34}.Debug|Any CPU.Build.0 = Debug|Any CPU
		{FB817CDC-2900-409D-8A0E-80C118EF8E34}.Debug|Mixed Platforms.ActiveCfg = Debug|Any CPU
		{FB817CDC-2900-409D-8A0E-80C118EF8E34}.Debug|Mixed Platforms.Build.0 = Debug|Any CPU
		{FB817CDC-2900-409D-8A0E-80C118EF8E34}.Debug|x86.ActiveCfg = Debug|Any CPU
		{FB817CDC-2900-409D-8A0E-80C118EF8E34}.Release|Any CPU.ActiveCfg = Release|Any CPU
		{FB817CDC-2900-409D-8A0E-80C118EF8E34}.Release|Any CPU.Build.0 = Release|Any CPU
		{FB817CDC-2900-409D-8A0E-80C118EF8E34}.Release|Mixed Platforms.ActiveCfg = Release|Any CPU
		{FB817CDC-2900-409D-8A0E-80C118EF8E34}.Release|Mixed Platforms.Build.0 = Release|Any CPU
		{FB817CDC-2900-409D-8A0E-80C118EF8E34}.Release|x86.ActiveCfg = Release|Any CPU
	EndGlobalSection
	GlobalSection(SolutionProperties) = preSolution
		HideSolutionNode = FALSE
	EndGlobalSection
	GlobalSection(NestedProjects) = preSolution
		{31DAFAB3-4CE4-488D-901F-91150C0DF59D} = {235ADD15-1257-48F4-84F5-DE35CC9B5EE5}
	EndGlobalSection
EndGlobal
